
Microsoft Visual Studio Solution File, Format Version 12.00
# Visual Studio Version 17
VisualStudioVersion = 17.7.34009.444
MinimumVisualStudioVersion = 10.0.40219.1
Project("{FAE04EC0-301F-11D3-BF4B-00C04F79EFBC}") = "QuanLySanBongMini", "QuanLySanBongMini.csproj", "{496291B1-B57A-41CF-9921-9E9CFB83E477}"
EndProject
Global
	GlobalSection(SolutionConfigurationPlatforms) = preSolution
		Debug|Any CPU = Debug|Any CPU
		Release|Any CPU = Release|Any CPU
	EndGlobalSection
	GlobalSection(ProjectConfigurationPlatforms) = postSolution
		{496291B1-B57A-41CF-9921-9E9CFB83E477}.Debug|Any CPU.ActiveCfg = Debug|Any CPU
		{496291B1-B57A-41CF-9921-9E9CFB83E477}.Debug|Any CPU.Build.0 = Debug|Any CPU
		{496291B1-B57A-41CF-9921-9E9CFB83E477}.Release|Any CPU.ActiveCfg = Release|Any CPU
		{496291B1-B57A-41CF-9921-9E9CFB83E477}.Release|Any CPU.Build.0 = Release|Any CPU
	EndGlobalSection
	GlobalSection(SolutionProperties) = preSolution
		HideSolutionNode = FALSE
	EndGlobalSection
	GlobalSection(ExtensibilityGlobals) = postSolution
		SolutionGuid = {6086524F-7625-4D58-B72E-F587383123D9}
	EndGlobalSection
EndGlobal
